
Microsoft Visual Studio Solution File, Format Version 12.00
# Visual Studio Version 16
VisualStudioVersion = 16.0.30804.86
MinimumVisualStudioVersion = 10.0.40219.1
Project("{FAE04EC0-301F-11D3-BF4B-00C04F79EFBC}") = "DataFeeder", "DataFeeder\DataFeeder.csproj", "{69CF359C-F09F-4253-9DB8-1AE79A22AF3E}"
EndProject
Global
	GlobalSection(SolutionConfigurationPlatforms) = preSolution
		Debug|Any CPU = Debug|Any CPU
		Release|Any CPU = Release|Any CPU
	EndGlobalSection
	GlobalSection(ProjectConfigurationPlatforms) = postSolution
		{69CF359C-F09F-4253-9DB8-1AE79A22AF3E}.Debug|Any CPU.ActiveCfg = Debug|Any CPU
		{69CF359C-F09F-4253-9DB8-1AE79A22AF3E}.Debug|Any CPU.Build.0 = Debug|Any CPU
		{69CF359C-F09F-4253-9DB8-1AE79A22AF3E}.Release|Any CPU.ActiveCfg = Release|Any CPU
		{69CF359C-F09F-4253-9DB8-1AE79A22AF3E}.Release|Any CPU.Build.0 = Release|Any CPU
	EndGlobalSection
	GlobalSection(SolutionProperties) = preSolution
		HideSolutionNode = FALSE
	EndGlobalSection
	GlobalSection(ExtensibilityGlobals) = postSolution
		SolutionGuid = {FFB09574-820B-4A25-8F46-DDA5B61C6BAD}
	EndGlobalSection
EndGlobal
