
Microsoft Visual Studio Solution File, Format Version 12.00
# Visual Studio Version 16
VisualStudioVersion = 16.0.30804.86
MinimumVisualStudioVersion = 10.0.40219.1
Project("{FAE04EC0-301F-11D3-BF4B-00C04F79EFBC}") = "DataFeeder", "DataFeeder\DataFeeder.csproj", "{69CF359C-F09F-4253-9DB8-1AE79A22AF3E}"
	ProjectSection(ProjectDependencies) = postProject
		{49C3157D-7EE3-47BD-BBF5-E0D28FBEB2F1} = {49C3157D-7EE3-47BD-BBF5-E0D28FBEB2F1}
	EndProjectSection
EndProject
Project("{FAE04EC0-301F-11D3-BF4B-00C04F79EFBC}") = "DataFeederAzureEventHub", "DataFeederAzureIoT\DataFeederAzureEventHub.csproj", "{A6161A52-0EE9-44C7-BEF5-5A0C905574CD}"
	ProjectSection(ProjectDependencies) = postProject
		{49C3157D-7EE3-47BD-BBF5-E0D28FBEB2F1} = {49C3157D-7EE3-47BD-BBF5-E0D28FBEB2F1}
	EndProjectSection
EndProject
Project("{FAE04EC0-301F-11D3-BF4B-00C04F79EFBC}") = "FeederEngine", "FeederEngine\FeederEngine.csproj", "{49C3157D-7EE3-47BD-BBF5-E0D28FBEB2F1}"
EndProject
Project("{FAE04EC0-301F-11D3-BF4B-00C04F79EFBC}") = "DataFeederMQTT", "DataFeederMQTT\DataFeederMQTT.csproj", "{79CF359C-F09F-4253-9DB8-1AE79A22AF3F}"
	ProjectSection(ProjectDependencies) = postProject
		{49C3157D-7EE3-47BD-BBF5-E0D28FBEB2F1} = {49C3157D-7EE3-47BD-BBF5-E0D28FBEB2F1}
	EndProjectSection
EndProject
Project("{FAE04EC0-301F-11D3-BF4B-00C04F79EFBC}") = "DataFeederPi", "DataFeederPi\DataFeederPi.csproj", "{EA3B00B0-C86D-497C-9C24-A3B7C3A2FA64}"
	ProjectSection(ProjectDependencies) = postProject
		{49C3157D-7EE3-47BD-BBF5-E0D28FBEB2F1} = {49C3157D-7EE3-47BD-BBF5-E0D28FBEB2F1}
	EndProjectSection
EndProject
Project("{FAE04EC0-301F-11D3-BF4B-00C04F79EFBC}") = "DataFeederSparkplug", "DataFeederSparkplug\DataFeederSparkplug.csproj", "{3B6E190B-5E1C-4C81-AB1E-5B5AC1126E38}"
EndProject
Global
	GlobalSection(SolutionConfigurationPlatforms) = preSolution
		Debug|Any CPU = Debug|Any CPU
		Release|Any CPU = Release|Any CPU
	EndGlobalSection
	GlobalSection(ProjectConfigurationPlatforms) = postSolution
		{69CF359C-F09F-4253-9DB8-1AE79A22AF3E}.Debug|Any CPU.ActiveCfg = Debug|Any CPU
		{69CF359C-F09F-4253-9DB8-1AE79A22AF3E}.Debug|Any CPU.Build.0 = Debug|Any CPU
		{69CF359C-F09F-4253-9DB8-1AE79A22AF3E}.Release|Any CPU.ActiveCfg = Release|Any CPU
		{69CF359C-F09F-4253-9DB8-1AE79A22AF3E}.Release|Any CPU.Build.0 = Release|Any CPU
		{A6161A52-0EE9-44C7-BEF5-5A0C905574CD}.Debug|Any CPU.ActiveCfg = Debug|Any CPU
		{A6161A52-0EE9-44C7-BEF5-5A0C905574CD}.Debug|Any CPU.Build.0 = Debug|Any CPU
		{A6161A52-0EE9-44C7-BEF5-5A0C905574CD}.Release|Any CPU.ActiveCfg = Release|Any CPU
		{A6161A52-0EE9-44C7-BEF5-5A0C905574CD}.Release|Any CPU.Build.0 = Release|Any CPU
		{49C3157D-7EE3-47BD-BBF5-E0D28FBEB2F1}.Debug|Any CPU.ActiveCfg = Debug|Any CPU
		{49C3157D-7EE3-47BD-BBF5-E0D28FBEB2F1}.Debug|Any CPU.Build.0 = Debug|Any CPU
		{49C3157D-7EE3-47BD-BBF5-E0D28FBEB2F1}.Release|Any CPU.ActiveCfg = Release|Any CPU
		{49C3157D-7EE3-47BD-BBF5-E0D28FBEB2F1}.Release|Any CPU.Build.0 = Release|Any CPU
		{79CF359C-F09F-4253-9DB8-1AE79A22AF3F}.Debug|Any CPU.ActiveCfg = Debug|Any CPU
		{79CF359C-F09F-4253-9DB8-1AE79A22AF3F}.Debug|Any CPU.Build.0 = Debug|Any CPU
		{79CF359C-F09F-4253-9DB8-1AE79A22AF3F}.Release|Any CPU.ActiveCfg = Release|Any CPU
		{79CF359C-F09F-4253-9DB8-1AE79A22AF3F}.Release|Any CPU.Build.0 = Release|Any CPU
		{EA3B00B0-C86D-497C-9C24-A3B7C3A2FA64}.Debug|Any CPU.ActiveCfg = Debug|Any CPU
		{EA3B00B0-C86D-497C-9C24-A3B7C3A2FA64}.Debug|Any CPU.Build.0 = Debug|Any CPU
		{EA3B00B0-C86D-497C-9C24-A3B7C3A2FA64}.Release|Any CPU.ActiveCfg = Release|Any CPU
		{EA3B00B0-C86D-497C-9C24-A3B7C3A2FA64}.Release|Any CPU.Build.0 = Release|Any CPU
		{3B6E190B-5E1C-4C81-AB1E-5B5AC1126E38}.Debug|Any CPU.ActiveCfg = Debug|Any CPU
		{3B6E190B-5E1C-4C81-AB1E-5B5AC1126E38}.Debug|Any CPU.Build.0 = Debug|Any CPU
		{3B6E190B-5E1C-4C81-AB1E-5B5AC1126E38}.Release|Any CPU.ActiveCfg = Release|Any CPU
		{3B6E190B-5E1C-4C81-AB1E-5B5AC1126E38}.Release|Any CPU.Build.0 = Release|Any CPU
	EndGlobalSection
	GlobalSection(SolutionProperties) = preSolution
		HideSolutionNode = FALSE
	EndGlobalSection
	GlobalSection(ExtensibilityGlobals) = postSolution
		SolutionGuid = {FFB09574-820B-4A25-8F46-DDA5B61C6BAD}
	EndGlobalSection
EndGlobal
